{
  "version": 4,
  "terraform_version": "0.13.3",
  "serial": 59,
  "lineage": "e27ccff1-0d5d-f7b9-179a-ee76cb38d6dc",
  "outputs": {},
  "resources": [
    {
      "mode": "managed",
      "type": "google_compute_instance",
      "name": "vm_instance",
      "provider": "provider[\"registry.terraform.io/hashicorp/google\"]",
      "instances": [
        {
          "schema_version": 6,
          "attributes": {
            "allow_stopping_for_update": null,
            "attached_disk": [],
            "boot_disk": [
              {
                "auto_delete": true,
                "device_name": "persistent-disk-0",
                "disk_encryption_key_raw": "",
                "disk_encryption_key_sha256": "",
                "initialize_params": [
                  {
                    "image": "https://www.googleapis.com/compute/v1/projects/ubuntu-os-cloud/global/images/ubuntu-2004-focal-v20200917",
                    "labels": {},
                    "size": 10,
                    "type": "pd-standard"
                  }
                ],
                "kms_key_self_link": "",
                "mode": "READ_WRITE",
                "source": "https://www.googleapis.com/compute/v1/projects/a2020-cr460-yassine/zones/us-east1-b/disks/fermier"
              }
            ],
            "can_ip_forward": false,
            "cpu_platform": "Intel Haswell",
            "current_status": "RUNNING",
            "deletion_protection": false,
            "description": "",
            "desired_status": null,
            "enable_display": false,
            "guest_accelerator": [],
            "hostname": "",
            "id": "projects/a2020-cr460-yassine/zones/us-east1-b/instances/fermier",
            "instance_id": "776975782346813048",
            "label_fingerprint": "42WmSpB8rSM=",
            "labels": {},
            "machine_type": "f1-micro",
            "metadata": {},
            "metadata_fingerprint": "lYjggBvENJI=",
            "metadata_startup_script": "",
            "min_cpu_platform": "",
            "name": "fermier",
            "network_interface": [
              {
                "access_config": [],
                "alias_ip_range": [],
                "name": "nic0",
                "network": "https://www.googleapis.com/compute/v1/projects/a2020-cr460-yassine/global/networks/devoir1",
                "network_ip": "10.142.0.6",
                "subnetwork": "https://www.googleapis.com/compute/v1/projects/a2020-cr460-yassine/regions/us-east1/subnetworks/devoir1",
                "subnetwork_project": "a2020-cr460-yassine"
              }
            ],
            "project": "a2020-cr460-yassine",
            "resource_policies": [],
            "scheduling": [
              {
                "automatic_restart": true,
                "node_affinities": [],
                "on_host_maintenance": "MIGRATE",
                "preemptible": false
              }
            ],
            "scratch_disk": [],
            "self_link": "https://www.googleapis.com/compute/v1/projects/a2020-cr460-yassine/zones/us-east1-b/instances/fermier",
            "service_account": [],
            "shielded_instance_config": [
              {
                "enable_integrity_monitoring": true,
                "enable_secure_boot": false,
                "enable_vtpm": true
              }
            ],
            "tags": [
              "fermier"
            ],
            "tags_fingerprint": "6dBZyLLmXhM=",
            "timeouts": null,
            "zone": "us-east1-b"
          },
          "private": "eyJlMmJmYjczMC1lY2FhLTExZTYtOGY4OC0zNDM2M2JjN2M0YzAiOnsiY3JlYXRlIjoxMjAwMDAwMDAwMDAwLCJkZWxldGUiOjEyMDAwMDAwMDAwMDAsInVwZGF0ZSI6MTIwMDAwMDAwMDAwMH0sInNjaGVtYV92ZXJzaW9uIjoiNiJ9",
          "dependencies": [
            "google_compute_network.vpc_network"
          ]
        }
      ]
    },
    {
      "mode": "managed",
      "type": "google_compute_instance",
      "name": "vm_instance1",
      "provider": "provider[\"registry.terraform.io/hashicorp/google\"]",
      "instances": [
        {
          "schema_version": 6,
          "attributes": {
            "allow_stopping_for_update": null,
            "attached_disk": [],
            "boot_disk": [
              {
                "auto_delete": true,
                "device_name": "persistent-disk-0",
                "disk_encryption_key_raw": "",
                "disk_encryption_key_sha256": "",
                "initialize_params": [
                  {
                    "image": "https://www.googleapis.com/compute/v1/projects/fedora-coreos-cloud/global/images/fedora-coreos-32-20200907-3-0-gcp-x86-64",
                    "labels": {},
                    "size": 8,
                    "type": "pd-standard"
                  }
                ],
                "kms_key_self_link": "",
                "mode": "READ_WRITE",
                "source": "https://www.googleapis.com/compute/v1/projects/a2020-cr460-yassine/zones/us-east1-b/disks/mouton"
              }
            ],
            "can_ip_forward": false,
            "cpu_platform": "Intel Haswell",
            "current_status": "RUNNING",
            "deletion_protection": false,
            "description": "",
            "desired_status": null,
            "enable_display": false,
            "guest_accelerator": [],
            "hostname": "",
            "id": "projects/a2020-cr460-yassine/zones/us-east1-b/instances/mouton",
            "instance_id": "3206379314129720183",
            "label_fingerprint": "42WmSpB8rSM=",
            "labels": null,
            "machine_type": "f1-micro",
            "metadata": null,
            "metadata_fingerprint": "lYjggBvENJI=",
            "metadata_startup_script": "",
            "min_cpu_platform": "",
            "name": "mouton",
            "network_interface": [
              {
                "access_config": [
                  {
                    "nat_ip": "34.73.175.182",
                    "network_tier": "PREMIUM",
                    "public_ptr_domain_name": ""
                  }
                ],
                "alias_ip_range": [],
                "name": "nic0",
                "network": "https://www.googleapis.com/compute/v1/projects/a2020-cr460-yassine/global/networks/devoir1",
                "network_ip": "172.163.3.3",
                "subnetwork": "https://www.googleapis.com/compute/v1/projects/a2020-cr460-yassine/regions/us-east1/subnetworks/prod-dmz",
                "subnetwork_project": "a2020-cr460-yassine"
              }
            ],
            "project": "a2020-cr460-yassine",
            "resource_policies": null,
            "scheduling": [
              {
                "automatic_restart": true,
                "node_affinities": [],
                "on_host_maintenance": "MIGRATE",
                "preemptible": false
              }
            ],
            "scratch_disk": [],
            "self_link": "https://www.googleapis.com/compute/v1/projects/a2020-cr460-yassine/zones/us-east1-b/instances/mouton",
            "service_account": [],
            "shielded_instance_config": [
              {
                "enable_integrity_monitoring": true,
                "enable_secure_boot": false,
                "enable_vtpm": true
              }
            ],
            "tags": [
              "public"
            ],
            "tags_fingerprint": "ubqgePYPDQc=",
            "timeouts": null,
            "zone": "us-east1-b"
          },
          "private": "eyJlMmJmYjczMC1lY2FhLTExZTYtOGY4OC0zNDM2M2JjN2M0YzAiOnsiY3JlYXRlIjoxMjAwMDAwMDAwMDAwLCJkZWxldGUiOjEyMDAwMDAwMDAwMDAsInVwZGF0ZSI6MTIwMDAwMDAwMDAwMH0sInNjaGVtYV92ZXJzaW9uIjoiNiJ9",
          "dependencies": [
            "google_compute_subnetwork.prod-dmz"
          ]
        }
      ]
    },
    {
      "mode": "managed",
      "type": "google_compute_instance",
      "name": "vm_instance2",
      "provider": "provider[\"registry.terraform.io/hashicorp/google\"]",
      "instances": [
        {
          "schema_version": 6,
          "attributes": {
            "allow_stopping_for_update": null,
            "attached_disk": [],
            "boot_disk": [
              {
                "auto_delete": true,
                "device_name": "persistent-disk-0",
                "disk_encryption_key_raw": "",
                "disk_encryption_key_sha256": "",
                "initialize_params": [
                  {
                    "image": "https://www.googleapis.com/compute/v1/projects/debian-cloud/global/images/debian-9-stretch-v20200910",
                    "labels": {},
                    "size": 10,
                    "type": "pd-standard"
                  }
                ],
                "kms_key_self_link": "",
                "mode": "READ_WRITE",
                "source": "https://www.googleapis.com/compute/v1/projects/a2020-cr460-yassine/zones/us-east1-b/disks/canard"
              }
            ],
            "can_ip_forward": false,
            "cpu_platform": "Intel Haswell",
            "current_status": "RUNNING",
            "deletion_protection": false,
            "description": "",
            "desired_status": null,
            "enable_display": false,
            "guest_accelerator": [],
            "hostname": "",
            "id": "projects/a2020-cr460-yassine/zones/us-east1-b/instances/canard",
            "instance_id": "3871145315593409346",
            "label_fingerprint": "42WmSpB8rSM=",
            "labels": null,
            "machine_type": "f1-micro",
            "metadata": null,
            "metadata_fingerprint": "Q-bPM1kBsMU=",
            "metadata_startup_script": "apt-get -y update \u0026\u0026 apt-get -y upgrade \u0026\u0026 apt-get -y install apache2 \u0026\u0026 systemctl start apache2",
            "min_cpu_platform": "",
            "name": "canard",
            "network_interface": [
              {
                "access_config": [
                  {
                    "nat_ip": "34.73.132.1",
                    "network_tier": "PREMIUM",
                    "public_ptr_domain_name": ""
                  }
                ],
                "alias_ip_range": [],
                "name": "nic0",
                "network": "https://www.googleapis.com/compute/v1/projects/a2020-cr460-yassine/global/networks/devoir1",
                "network_ip": "172.163.3.4",
                "subnetwork": "https://www.googleapis.com/compute/v1/projects/a2020-cr460-yassine/regions/us-east1/subnetworks/prod-dmz",
                "subnetwork_project": "a2020-cr460-yassine"
              }
            ],
            "project": "a2020-cr460-yassine",
            "resource_policies": null,
            "scheduling": [
              {
                "automatic_restart": true,
                "node_affinities": [],
                "on_host_maintenance": "MIGRATE",
                "preemptible": false
              }
            ],
            "scratch_disk": [],
            "self_link": "https://www.googleapis.com/compute/v1/projects/a2020-cr460-yassine/zones/us-east1-b/instances/canard",
            "service_account": [],
            "shielded_instance_config": [],
            "tags": null,
            "tags_fingerprint": "42WmSpB8rSM=",
            "timeouts": null,
            "zone": "us-east1-b"
          },
          "private": "eyJlMmJmYjczMC1lY2FhLTExZTYtOGY4OC0zNDM2M2JjN2M0YzAiOnsiY3JlYXRlIjoxMjAwMDAwMDAwMDAwLCJkZWxldGUiOjEyMDAwMDAwMDAwMDAsInVwZGF0ZSI6MTIwMDAwMDAwMDAwMH0sInNjaGVtYV92ZXJzaW9uIjoiNiJ9",
          "dependencies": [
            "google_compute_subnetwork.prod-dmz"
          ]
        }
      ]
    },
    {
      "mode": "managed",
      "type": "google_compute_instance",
      "name": "vm_instance3",
      "provider": "provider[\"registry.terraform.io/hashicorp/google\"]",
      "instances": [
        {
          "schema_version": 6,
          "attributes": {
            "allow_stopping_for_update": null,
            "attached_disk": [],
            "boot_disk": [
              {
                "auto_delete": true,
                "device_name": "persistent-disk-0",
                "disk_encryption_key_raw": "",
                "disk_encryption_key_sha256": "",
                "initialize_params": [
                  {
                    "image": "https://www.googleapis.com/compute/v1/projects/debian-cloud/global/images/debian-9-stretch-v20200910",
                    "labels": {},
                    "size": 10,
                    "type": "pd-standard"
                  }
                ],
                "kms_key_self_link": "",
                "mode": "READ_WRITE",
                "source": "https://www.googleapis.com/compute/v1/projects/a2020-cr460-yassine/zones/us-east1-b/disks/cheval"
              }
            ],
            "can_ip_forward": false,
            "cpu_platform": "Intel Haswell",
            "current_status": "RUNNING",
            "deletion_protection": false,
            "description": "",
            "desired_status": null,
            "enable_display": false,
            "guest_accelerator": [],
            "hostname": "",
            "id": "projects/a2020-cr460-yassine/zones/us-east1-b/instances/cheval",
            "instance_id": "4126455278522396551",
            "label_fingerprint": "42WmSpB8rSM=",
            "labels": {},
            "machine_type": "f1-micro",
            "metadata": {},
            "metadata_fingerprint": "lYjggBvENJI=",
            "metadata_startup_script": "",
            "min_cpu_platform": "",
            "name": "cheval",
            "network_interface": [
              {
                "access_config": [
                  {
                    "nat_ip": "34.73.7.104",
                    "network_tier": "PREMIUM",
                    "public_ptr_domain_name": ""
                  }
                ],
                "alias_ip_range": [],
                "name": "nic0",
                "network": "https://www.googleapis.com/compute/v1/projects/a2020-cr460-yassine/global/networks/devoir1",
                "network_ip": "10.0.2.2",
                "subnetwork": "https://www.googleapis.com/compute/v1/projects/a2020-cr460-yassine/regions/us-east1/subnetworks/prod-traitement",
                "subnetwork_project": "a2020-cr460-yassine"
              }
            ],
            "project": "a2020-cr460-yassine",
            "resource_policies": [],
            "scheduling": [
              {
                "automatic_restart": true,
                "node_affinities": [],
                "on_host_maintenance": "MIGRATE",
                "preemptible": false
              }
            ],
            "scratch_disk": [],
            "self_link": "https://www.googleapis.com/compute/v1/projects/a2020-cr460-yassine/zones/us-east1-b/instances/cheval",
            "service_account": [],
            "shielded_instance_config": [],
            "tags": [
              "traitement"
            ],
            "tags_fingerprint": "mIPGPFNjcSQ=",
            "timeouts": null,
            "zone": "us-east1-b"
          },
          "private": "eyJlMmJmYjczMC1lY2FhLTExZTYtOGY4OC0zNDM2M2JjN2M0YzAiOnsiY3JlYXRlIjoxMjAwMDAwMDAwMDAwLCJkZWxldGUiOjEyMDAwMDAwMDAwMDAsInVwZGF0ZSI6MTIwMDAwMDAwMDAwMH0sInNjaGVtYV92ZXJzaW9uIjoiNiJ9",
          "dependencies": [
            "google_compute_subnetwork.prod-traitement"
          ]
        }
      ]
    },
    {
      "mode": "managed",
      "type": "google_compute_network",
      "name": "vpc_network",
      "provider": "provider[\"registry.terraform.io/hashicorp/google\"]",
      "instances": [
        {
          "schema_version": 0,
          "attributes": {
            "auto_create_subnetworks": true,
            "delete_default_routes_on_create": false,
            "description": "",
            "gateway_ipv4": "",
            "id": "projects/a2020-cr460-yassine/global/networks/devoir1",
            "ipv4_range": null,
            "name": "devoir1",
            "project": "a2020-cr460-yassine",
            "routing_mode": "REGIONAL",
            "self_link": "https://www.googleapis.com/compute/v1/projects/a2020-cr460-yassine/global/networks/devoir1",
            "timeouts": null
          },
          "private": "eyJlMmJmYjczMC1lY2FhLTExZTYtOGY4OC0zNDM2M2JjN2M0YzAiOnsiY3JlYXRlIjoyNDAwMDAwMDAwMDAsImRlbGV0ZSI6MjQwMDAwMDAwMDAwLCJ1cGRhdGUiOjI0MDAwMDAwMDAwMH19"
        }
      ]
    },
    {
      "mode": "managed",
      "type": "google_compute_subnetwork",
      "name": "prod-dmz",
      "provider": "provider[\"registry.terraform.io/hashicorp/google\"]",
      "instances": [
        {
          "schema_version": 0,
          "attributes": {
            "creation_timestamp": "2020-09-27T19:43:19.449-07:00",
            "description": "",
            "enable_flow_logs": null,
            "fingerprint": null,
            "gateway_address": "172.163.3.1",
            "id": "projects/a2020-cr460-yassine/regions/us-east1/subnetworks/prod-dmz",
            "ip_cidr_range": "172.163.3.0/24",
            "log_config": [],
            "name": "prod-dmz",
            "network": "https://www.googleapis.com/compute/v1/projects/a2020-cr460-yassine/global/networks/devoir1",
            "private_ip_google_access": false,
            "project": "a2020-cr460-yassine",
            "region": "us-east1",
            "secondary_ip_range": [],
            "self_link": "https://www.googleapis.com/compute/v1/projects/a2020-cr460-yassine/regions/us-east1/subnetworks/prod-dmz",
            "timeouts": null
          },
          "private": "eyJlMmJmYjczMC1lY2FhLTExZTYtOGY4OC0zNDM2M2JjN2M0YzAiOnsiY3JlYXRlIjozNjAwMDAwMDAwMDAsImRlbGV0ZSI6MzYwMDAwMDAwMDAwLCJ1cGRhdGUiOjM2MDAwMDAwMDAwMH19",
          "dependencies": [
            "google_compute_network.vpc_network"
          ]
        }
      ]
    },
    {
      "mode": "managed",
      "type": "google_compute_subnetwork",
      "name": "prod-interne",
      "provider": "provider[\"registry.terraform.io/hashicorp/google\"]",
      "instances": [
        {
          "schema_version": 0,
          "attributes": {
            "creation_timestamp": "2020-09-27T19:43:18.725-07:00",
            "description": "",
            "enable_flow_logs": null,
            "fingerprint": null,
            "gateway_address": "10.0.3.1",
            "id": "projects/a2020-cr460-yassine/regions/us-east1/subnetworks/prod-interne",
            "ip_cidr_range": "10.0.3.0/24",
            "log_config": [],
            "name": "prod-interne",
            "network": "https://www.googleapis.com/compute/v1/projects/a2020-cr460-yassine/global/networks/devoir1",
            "private_ip_google_access": false,
            "project": "a2020-cr460-yassine",
            "region": "us-east1",
            "secondary_ip_range": [],
            "self_link": "https://www.googleapis.com/compute/v1/projects/a2020-cr460-yassine/regions/us-east1/subnetworks/prod-interne",
            "timeouts": null
          },
          "private": "eyJlMmJmYjczMC1lY2FhLTExZTYtOGY4OC0zNDM2M2JjN2M0YzAiOnsiY3JlYXRlIjozNjAwMDAwMDAwMDAsImRlbGV0ZSI6MzYwMDAwMDAwMDAwLCJ1cGRhdGUiOjM2MDAwMDAwMDAwMH19",
          "dependencies": [
            "google_compute_network.vpc_network"
          ]
        }
      ]
    },
    {
      "mode": "managed",
      "type": "google_compute_subnetwork",
      "name": "prod-traitement",
      "provider": "provider[\"registry.terraform.io/hashicorp/google\"]",
      "instances": [
        {
          "schema_version": 0,
          "attributes": {
            "creation_timestamp": "2020-09-27T19:43:19.465-07:00",
            "description": "",
            "enable_flow_logs": null,
            "fingerprint": null,
            "gateway_address": "10.0.2.1",
            "id": "projects/a2020-cr460-yassine/regions/us-east1/subnetworks/prod-traitement",
            "ip_cidr_range": "10.0.2.0/24",
            "log_config": [],
            "name": "prod-traitement",
            "network": "https://www.googleapis.com/compute/v1/projects/a2020-cr460-yassine/global/networks/devoir1",
            "private_ip_google_access": false,
            "project": "a2020-cr460-yassine",
            "region": "us-east1",
            "secondary_ip_range": [],
            "self_link": "https://www.googleapis.com/compute/v1/projects/a2020-cr460-yassine/regions/us-east1/subnetworks/prod-traitement",
            "timeouts": null
          },
          "private": "eyJlMmJmYjczMC1lY2FhLTExZTYtOGY4OC0zNDM2M2JjN2M0YzAiOnsiY3JlYXRlIjozNjAwMDAwMDAwMDAsImRlbGV0ZSI6MzYwMDAwMDAwMDAwLCJ1cGRhdGUiOjM2MDAwMDAwMDAwMH19",
          "dependencies": [
            "google_compute_network.vpc_network"
          ]
        }
      ]
    }
  ]
}
